
Microsoft Visual Studio Solution File, Format Version 12.00
# Visual Studio Version 16
VisualStudioVersion = 25.0.1706.14
MinimumVisualStudioVersion = 10.0.40219.1
Project("{FAE04EC0-301F-11D3-BF4B-00C04F79EFBC}") = "03-ObjectClassConstructorInheritanceThisvsBase", "03-ObjectClassConstructorInheritanceThisvsBase.csproj", "{38AB8512-23FB-42D6-B8F6-A7E4F26A2D46}"
EndProject
Global
	GlobalSection(SolutionConfigurationPlatforms) = preSolution
		Debug|Any CPU = Debug|Any CPU
		Release|Any CPU = Release|Any CPU
	EndGlobalSection
	GlobalSection(ProjectConfigurationPlatforms) = postSolution
		{38AB8512-23FB-42D6-B8F6-A7E4F26A2D46}.Debug|Any CPU.ActiveCfg = Debug|Any CPU
		{38AB8512-23FB-42D6-B8F6-A7E4F26A2D46}.Debug|Any CPU.Build.0 = Debug|Any CPU
		{38AB8512-23FB-42D6-B8F6-A7E4F26A2D46}.Release|Any CPU.ActiveCfg = Release|Any CPU
		{38AB8512-23FB-42D6-B8F6-A7E4F26A2D46}.Release|Any CPU.Build.0 = Release|Any CPU
	EndGlobalSection
	GlobalSection(SolutionProperties) = preSolution
		HideSolutionNode = FALSE
	EndGlobalSection
	GlobalSection(ExtensibilityGlobals) = postSolution
		SolutionGuid = {214D0CEB-F321-41B2-8245-3A1521FF860C}
	EndGlobalSection
EndGlobal
